
Microsoft Visual Studio Solution File, Format Version 12.00
# Visual Studio Version 16
VisualStudioVersion = 16.0.30907.101
MinimumVisualStudioVersion = 10.0.40219.1
Project("{FAE04EC0-301F-11D3-BF4B-00C04F79EFBC}") = "Ryan Wong AS91892", "Ryan Wong AS91892\Ryan Wong AS91892.csproj", "{DD1A9BDE-9643-45C2-9153-4B3932A80B9E}"
EndProject
Global
	GlobalSection(SolutionConfigurationPlatforms) = preSolution
		Debug|Any CPU = Debug|Any CPU
		Release|Any CPU = Release|Any CPU
	EndGlobalSection
	GlobalSection(ProjectConfigurationPlatforms) = postSolution
		{DD1A9BDE-9643-45C2-9153-4B3932A80B9E}.Debug|Any CPU.ActiveCfg = Debug|Any CPU
		{DD1A9BDE-9643-45C2-9153-4B3932A80B9E}.Debug|Any CPU.Build.0 = Debug|Any CPU
		{DD1A9BDE-9643-45C2-9153-4B3932A80B9E}.Release|Any CPU.ActiveCfg = Release|Any CPU
		{DD1A9BDE-9643-45C2-9153-4B3932A80B9E}.Release|Any CPU.Build.0 = Release|Any CPU
	EndGlobalSection
	GlobalSection(SolutionProperties) = preSolution
		HideSolutionNode = FALSE
	EndGlobalSection
	GlobalSection(ExtensibilityGlobals) = postSolution
		SolutionGuid = {7FB85CAF-7AC5-4E4D-AD14-EF74FFF24067}
	EndGlobalSection
EndGlobal
